# THIS IS AN AUTOGENERATED FILE. DO NOT EDIT THIS FILE DIRECTLY.
# yarn lockfile v1


vant-weapp@^0.5.2:
  version "0.5.2"
  resolved "https://registry.yarnpkg.com/vant-weapp/-/vant-weapp-0.5.2.tgz#c9dd29f53f5871c0a6b19353e1ecb2f0cc69858f"
  integrity sha512-Iy6UC9ocXVzvZYkFP4gK1WWxJBmlLJotvyZ/BV+xqeVxb/H7dGdmzTIvONABFX9+NmcTC1p3oKSBLb6NWGnXVQ==
